github.com/devork/geom v0.0.5/go.mod h1:8Wn8UNIJlX3waA51IiE8NHPWm1JFITeKJfxmYcK+hYg=
github.com/flywave/go-geom v0.0.0-20210604134758-e972b6e6956d h1:Uc4RgGKDvLJ7Kkl7cnrvrUX41q5FJE6GcVwKqLzdAUY=
github.com/flywave/go-geom v0.0.0-20210604134758-e972b6e6956d/go.mod h1:whIEyVfpaBVcYiDCnnc4IJg5CI5KpLC3quy95YJ1W9I=
